
Microsoft Visual Studio Solution File, Format Version 12.00
# Visual Studio 2012
Project("{2150E333-8FDC-42A3-9474-1A3956D46DE8}") = "server", "server", "{65A177FF-47FA-4C30-8E5A-E4368AD1E3F4}"
EndProject
Project("{2150E333-8FDC-42A3-9474-1A3956D46DE8}") = "client", "client", "{1D58F836-9F4D-4653-8A22-4AB627F1D6C8}"
EndProject
Project("{2150E333-8FDC-42A3-9474-1A3956D46DE8}") = "src", "src", "{5F30533B-F1E3-4DE5-BFE7-A3AC40CA99C3}"
EndProject
Project("{FAE04EC0-301F-11D3-BF4B-00C04F79EFBC}") = "OwinApp.Api", "server\src\OwinApp.Api\OwinApp.Api.csproj", "{FF0F4902-976A-41DD-9408-24BE6029C2CD}"
EndProject
Project("{FAE04EC0-301F-11D3-BF4B-00C04F79EFBC}") = "OwinApp.Entry", "server\src\OwinApp.Entry\OwinApp.Entry.csproj", "{E4A84AC7-5FE2-4F87-AFD3-435CA2DD92D4}"
EndProject
Project("{FAE04EC0-301F-11D3-BF4B-00C04F79EFBC}") = "OwinApp.Logic", "server\src\OwinApp.Logic\OwinApp.Logic.csproj", "{9952890D-739E-4609-97B3-6312B4BFDDE3}"
EndProject
Project("{FAE04EC0-301F-11D3-BF4B-00C04F79EFBC}") = "OwinApp.Data", "server\src\OwinApp.Data\OwinApp.Data.csproj", "{C5CBB74B-1AC9-443A-9DA0-5E178F836497}"
EndProject
Project("{FAE04EC0-301F-11D3-BF4B-00C04F79EFBC}") = "OwinApp.Model", "server\src\OwinApp.Model\OwinApp.Model.csproj", "{715ACD2F-9FCE-4E15-8B32-667D38C9DD05}"
EndProject
Project("{FAE04EC0-301F-11D3-BF4B-00C04F79EFBC}") = "OwinApp.Security", "server\src\OwinApp.Security\OwinApp.Security.csproj", "{9DA414AF-1970-489A-96E2-CF3444D314BB}"
EndProject
Project("{2150E333-8FDC-42A3-9474-1A3956D46DE8}") = "test", "test", "{C7C01852-837A-4320-8356-10701D96E4FF}"
EndProject
Project("{FAE04EC0-301F-11D3-BF4B-00C04F79EFBC}") = "OwinApp.Test", "server\test\OwinApp.Test\OwinApp.Test.csproj", "{5B543D12-C277-4792-A038-08677D654A1E}"
EndProject
Global
	GlobalSection(SolutionConfigurationPlatforms) = preSolution
		Debug|Any CPU = Debug|Any CPU
		Release|Any CPU = Release|Any CPU
	EndGlobalSection
	GlobalSection(ProjectConfigurationPlatforms) = postSolution
		{FF0F4902-976A-41DD-9408-24BE6029C2CD}.Debug|Any CPU.ActiveCfg = Debug|Any CPU
		{FF0F4902-976A-41DD-9408-24BE6029C2CD}.Debug|Any CPU.Build.0 = Debug|Any CPU
		{FF0F4902-976A-41DD-9408-24BE6029C2CD}.Release|Any CPU.ActiveCfg = Release|Any CPU
		{FF0F4902-976A-41DD-9408-24BE6029C2CD}.Release|Any CPU.Build.0 = Release|Any CPU
		{E4A84AC7-5FE2-4F87-AFD3-435CA2DD92D4}.Debug|Any CPU.ActiveCfg = Debug|Any CPU
		{E4A84AC7-5FE2-4F87-AFD3-435CA2DD92D4}.Debug|Any CPU.Build.0 = Debug|Any CPU
		{E4A84AC7-5FE2-4F87-AFD3-435CA2DD92D4}.Release|Any CPU.ActiveCfg = Release|Any CPU
		{E4A84AC7-5FE2-4F87-AFD3-435CA2DD92D4}.Release|Any CPU.Build.0 = Release|Any CPU
		{9952890D-739E-4609-97B3-6312B4BFDDE3}.Debug|Any CPU.ActiveCfg = Debug|Any CPU
		{9952890D-739E-4609-97B3-6312B4BFDDE3}.Debug|Any CPU.Build.0 = Debug|Any CPU
		{9952890D-739E-4609-97B3-6312B4BFDDE3}.Release|Any CPU.ActiveCfg = Release|Any CPU
		{9952890D-739E-4609-97B3-6312B4BFDDE3}.Release|Any CPU.Build.0 = Release|Any CPU
		{C5CBB74B-1AC9-443A-9DA0-5E178F836497}.Debug|Any CPU.ActiveCfg = Debug|Any CPU
		{C5CBB74B-1AC9-443A-9DA0-5E178F836497}.Debug|Any CPU.Build.0 = Debug|Any CPU
		{C5CBB74B-1AC9-443A-9DA0-5E178F836497}.Release|Any CPU.ActiveCfg = Release|Any CPU
		{C5CBB74B-1AC9-443A-9DA0-5E178F836497}.Release|Any CPU.Build.0 = Release|Any CPU
		{715ACD2F-9FCE-4E15-8B32-667D38C9DD05}.Debug|Any CPU.ActiveCfg = Debug|Any CPU
		{715ACD2F-9FCE-4E15-8B32-667D38C9DD05}.Debug|Any CPU.Build.0 = Debug|Any CPU
		{715ACD2F-9FCE-4E15-8B32-667D38C9DD05}.Release|Any CPU.ActiveCfg = Release|Any CPU
		{715ACD2F-9FCE-4E15-8B32-667D38C9DD05}.Release|Any CPU.Build.0 = Release|Any CPU
		{9DA414AF-1970-489A-96E2-CF3444D314BB}.Debug|Any CPU.ActiveCfg = Debug|Any CPU
		{9DA414AF-1970-489A-96E2-CF3444D314BB}.Debug|Any CPU.Build.0 = Debug|Any CPU
		{9DA414AF-1970-489A-96E2-CF3444D314BB}.Release|Any CPU.ActiveCfg = Release|Any CPU
		{9DA414AF-1970-489A-96E2-CF3444D314BB}.Release|Any CPU.Build.0 = Release|Any CPU
		{5B543D12-C277-4792-A038-08677D654A1E}.Debug|Any CPU.ActiveCfg = Debug|Any CPU
		{5B543D12-C277-4792-A038-08677D654A1E}.Debug|Any CPU.Build.0 = Debug|Any CPU
		{5B543D12-C277-4792-A038-08677D654A1E}.Release|Any CPU.ActiveCfg = Release|Any CPU
		{5B543D12-C277-4792-A038-08677D654A1E}.Release|Any CPU.Build.0 = Release|Any CPU
	EndGlobalSection
	GlobalSection(NestedProjects) = preSolution
		{5F30533B-F1E3-4DE5-BFE7-A3AC40CA99C3} = {65A177FF-47FA-4C30-8E5A-E4368AD1E3F4}
		{FF0F4902-976A-41DD-9408-24BE6029C2CD} = {5F30533B-F1E3-4DE5-BFE7-A3AC40CA99C3}
		{E4A84AC7-5FE2-4F87-AFD3-435CA2DD92D4} = {5F30533B-F1E3-4DE5-BFE7-A3AC40CA99C3}
		{9952890D-739E-4609-97B3-6312B4BFDDE3} = {5F30533B-F1E3-4DE5-BFE7-A3AC40CA99C3}
		{C5CBB74B-1AC9-443A-9DA0-5E178F836497} = {5F30533B-F1E3-4DE5-BFE7-A3AC40CA99C3}
		{715ACD2F-9FCE-4E15-8B32-667D38C9DD05} = {5F30533B-F1E3-4DE5-BFE7-A3AC40CA99C3}
		{9DA414AF-1970-489A-96E2-CF3444D314BB} = {5F30533B-F1E3-4DE5-BFE7-A3AC40CA99C3}
		{C7C01852-837A-4320-8356-10701D96E4FF} = {65A177FF-47FA-4C30-8E5A-E4368AD1E3F4}
		{5B543D12-C277-4792-A038-08677D654A1E} = {C7C01852-837A-4320-8356-10701D96E4FF}
	EndGlobalSection
	GlobalSection(MonoDevelopProperties) = preSolution
		version = 1.0.0
	EndGlobalSection
EndGlobal
